
Microsoft Visual Studio Solution File, Format Version 12.00
# Visual Studio Version 17
VisualStudioVersion = 17.14.36705.20 d17.14
MinimumVisualStudioVersion = 10.0.40219.1
Project("{FAE04EC0-301F-11D3-BF4B-00C04F79EFBC}") = "OnapiCore", "OnapiCore\OnapiCore.csproj", "{4040697F-DF4F-4619-A3CD-2B1815DC2A27}"
EndProject
Global
	GlobalSection(SolutionConfigurationPlatforms) = preSolution
		Debug|Any CPU = Debug|Any CPU
		Release|Any CPU = Release|Any CPU
	EndGlobalSection
	GlobalSection(ProjectConfigurationPlatforms) = postSolution
		{4040697F-DF4F-4619-A3CD-2B1815DC2A27}.Debug|Any CPU.ActiveCfg = Debug|Any CPU
		{4040697F-DF4F-4619-A3CD-2B1815DC2A27}.Debug|Any CPU.Build.0 = Debug|Any CPU
		{4040697F-DF4F-4619-A3CD-2B1815DC2A27}.Release|Any CPU.ActiveCfg = Release|Any CPU
		{4040697F-DF4F-4619-A3CD-2B1815DC2A27}.Release|Any CPU.Build.0 = Release|Any CPU
	EndGlobalSection
	GlobalSection(SolutionProperties) = preSolution
		HideSolutionNode = FALSE
	EndGlobalSection
	GlobalSection(ExtensibilityGlobals) = postSolution
		SolutionGuid = {98A217E4-6538-4DBF-BC7C-8E5914A41384}
	EndGlobalSection
EndGlobal
